
Microsoft Visual Studio Solution File, Format Version 12.00
# Visual Studio Version 16
VisualStudioVersion = 16.0.29519.87
MinimumVisualStudioVersion = 10.0.40219.1
Project("{FAE04EC0-301F-11D3-BF4B-00C04F79EFBC}") = "Initialisation", "Initialisation\Initialisation.csproj", "{9DE34CB5-8733-45F3-9C84-CDEED808BA55}"
EndProject
Project("{FAE04EC0-301F-11D3-BF4B-00C04F79EFBC}") = "BusinessToAlert", "BusinessToAlert\BusinessToAlert.csproj", "{06CF6A2A-D6E8-49FE-B9E4-B0BFA21D4869}"
EndProject
Project("{FAE04EC0-301F-11D3-BF4B-00C04F79EFBC}") = "BusinessToDBAlert", "BusinessToDBAlert\BusinessToDBAlert.csproj", "{CF498F36-96B3-4A18-83E8-9F4D9A4CAE13}"
EndProject
Project("{FAE04EC0-301F-11D3-BF4B-00C04F79EFBC}") = "ManagerDBTest", "ManagerDBTest\ManagerDBTest.csproj", "{4D136F18-F2D7-4CBF-B30E-0F9D59CFAFDC}"
EndProject
Project("{FAE04EC0-301F-11D3-BF4B-00C04F79EFBC}") = "ManagerAlertTest", "ManagerAlertTest\ManagerAlertTest.csproj", "{E9A54FAA-6F28-4C90-91C3-FFDB2CF20912}"
EndProject
Project("{FAE04EC0-301F-11D3-BF4B-00C04F79EFBC}") = "InitialisationTEST", "InitialisationTEST\InitialisationTEST.csproj", "{249322C6-7559-4E45-817F-5CC7D5EB8B68}"
EndProject
Project("{FAE04EC0-301F-11D3-BF4B-00C04F79EFBC}") = "Création_Planning", "Création_Planning\Création_Planning.csproj", "{7C88A4BE-AEDB-4107-8044-7B209EFB21DF}"
EndProject
Global
	GlobalSection(SolutionConfigurationPlatforms) = preSolution
		Debug|Any CPU = Debug|Any CPU
		Release|Any CPU = Release|Any CPU
	EndGlobalSection
	GlobalSection(ProjectConfigurationPlatforms) = postSolution
		{9DE34CB5-8733-45F3-9C84-CDEED808BA55}.Debug|Any CPU.ActiveCfg = Debug|Any CPU
		{9DE34CB5-8733-45F3-9C84-CDEED808BA55}.Debug|Any CPU.Build.0 = Debug|Any CPU
		{9DE34CB5-8733-45F3-9C84-CDEED808BA55}.Release|Any CPU.ActiveCfg = Release|Any CPU
		{9DE34CB5-8733-45F3-9C84-CDEED808BA55}.Release|Any CPU.Build.0 = Release|Any CPU
		{06CF6A2A-D6E8-49FE-B9E4-B0BFA21D4869}.Debug|Any CPU.ActiveCfg = Debug|Any CPU
		{06CF6A2A-D6E8-49FE-B9E4-B0BFA21D4869}.Debug|Any CPU.Build.0 = Debug|Any CPU
		{06CF6A2A-D6E8-49FE-B9E4-B0BFA21D4869}.Release|Any CPU.ActiveCfg = Release|Any CPU
		{06CF6A2A-D6E8-49FE-B9E4-B0BFA21D4869}.Release|Any CPU.Build.0 = Release|Any CPU
		{CF498F36-96B3-4A18-83E8-9F4D9A4CAE13}.Debug|Any CPU.ActiveCfg = Debug|Any CPU
		{CF498F36-96B3-4A18-83E8-9F4D9A4CAE13}.Debug|Any CPU.Build.0 = Debug|Any CPU
		{CF498F36-96B3-4A18-83E8-9F4D9A4CAE13}.Release|Any CPU.ActiveCfg = Release|Any CPU
		{CF498F36-96B3-4A18-83E8-9F4D9A4CAE13}.Release|Any CPU.Build.0 = Release|Any CPU
		{4D136F18-F2D7-4CBF-B30E-0F9D59CFAFDC}.Debug|Any CPU.ActiveCfg = Debug|Any CPU
		{4D136F18-F2D7-4CBF-B30E-0F9D59CFAFDC}.Debug|Any CPU.Build.0 = Debug|Any CPU
		{4D136F18-F2D7-4CBF-B30E-0F9D59CFAFDC}.Release|Any CPU.ActiveCfg = Release|Any CPU
		{4D136F18-F2D7-4CBF-B30E-0F9D59CFAFDC}.Release|Any CPU.Build.0 = Release|Any CPU
		{E9A54FAA-6F28-4C90-91C3-FFDB2CF20912}.Debug|Any CPU.ActiveCfg = Debug|Any CPU
		{E9A54FAA-6F28-4C90-91C3-FFDB2CF20912}.Debug|Any CPU.Build.0 = Debug|Any CPU
		{E9A54FAA-6F28-4C90-91C3-FFDB2CF20912}.Release|Any CPU.ActiveCfg = Release|Any CPU
		{E9A54FAA-6F28-4C90-91C3-FFDB2CF20912}.Release|Any CPU.Build.0 = Release|Any CPU
		{249322C6-7559-4E45-817F-5CC7D5EB8B68}.Debug|Any CPU.ActiveCfg = Debug|Any CPU
		{249322C6-7559-4E45-817F-5CC7D5EB8B68}.Debug|Any CPU.Build.0 = Debug|Any CPU
		{249322C6-7559-4E45-817F-5CC7D5EB8B68}.Release|Any CPU.ActiveCfg = Release|Any CPU
		{249322C6-7559-4E45-817F-5CC7D5EB8B68}.Release|Any CPU.Build.0 = Release|Any CPU
		{7C88A4BE-AEDB-4107-8044-7B209EFB21DF}.Debug|Any CPU.ActiveCfg = Debug|Any CPU
		{7C88A4BE-AEDB-4107-8044-7B209EFB21DF}.Debug|Any CPU.Build.0 = Debug|Any CPU
		{7C88A4BE-AEDB-4107-8044-7B209EFB21DF}.Release|Any CPU.ActiveCfg = Release|Any CPU
		{7C88A4BE-AEDB-4107-8044-7B209EFB21DF}.Release|Any CPU.Build.0 = Release|Any CPU
	EndGlobalSection
	GlobalSection(SolutionProperties) = preSolution
		HideSolutionNode = FALSE
	EndGlobalSection
	GlobalSection(ExtensibilityGlobals) = postSolution
		SolutionGuid = {0D686724-BD93-4FAA-94B4-BE84645301A1}
	EndGlobalSection
EndGlobal
